
Microsoft Visual Studio Solution File, Format Version 12.00
# Visual Studio 15
VisualStudioVersion = 15.0.27703.2035
MinimumVisualStudioVersion = 10.0.40219.1
Project("{FAE04EC0-301F-11D3-BF4B-00C04F79EFBC}") = "Financas", "Financas\Financas.csproj", "{060A2B46-75B5-4F1F-9F49-4F64AE1665D6}"
EndProject
Global
	GlobalSection(SolutionConfigurationPlatforms) = preSolution
		Debug|Any CPU = Debug|Any CPU
		Release|Any CPU = Release|Any CPU
	EndGlobalSection
	GlobalSection(ProjectConfigurationPlatforms) = postSolution
		{060A2B46-75B5-4F1F-9F49-4F64AE1665D6}.Debug|Any CPU.ActiveCfg = Debug|Any CPU
		{060A2B46-75B5-4F1F-9F49-4F64AE1665D6}.Debug|Any CPU.Build.0 = Debug|Any CPU
		{060A2B46-75B5-4F1F-9F49-4F64AE1665D6}.Release|Any CPU.ActiveCfg = Release|Any CPU
		{060A2B46-75B5-4F1F-9F49-4F64AE1665D6}.Release|Any CPU.Build.0 = Release|Any CPU
	EndGlobalSection
	GlobalSection(SolutionProperties) = preSolution
		HideSolutionNode = FALSE
	EndGlobalSection
	GlobalSection(ExtensibilityGlobals) = postSolution
		SolutionGuid = {B2A53540-0137-4336-A5F1-888B2DD23E39}
	EndGlobalSection
EndGlobal
